lockfileVersion: '6.0'

settings:
  autoInstallPeers: true
  excludeLinksFromLockfile: false

dependencies:
  '@hookform/resolvers':
    specifier: ^5.2.2
    version: 5.2.2(react-hook-form@7.66.0)
  '@radix-ui/react-accordion':
    specifier: ^1.2.12
    version: 1.2.12(@types/react-dom@19.2.1)(@types/react@19.2.2)(react-dom@19.2.0)(react@19.2.0)
  '@radix-ui/react-dialog':
    specifier: ^1.1.4
    version: 1.1.15(@types/react-dom@19.2.1)(@types/react@19.2.2)(react-dom@19.2.0)(react@19.2.0)
  '@radix-ui/react-label':
    specifier: ^2.1.7
    version: 2.1.7(@types/react-dom@19.2.1)(@types/react@19.2.2)(react-dom@19.2.0)(react@19.2.0)
  '@radix-ui/react-slot':
    specifier: ^1.2.3
    version: 1.2.3(@types/react@19.2.2)(react@19.2.0)
  '@tanstack/react-query':
    specifier: ^5.89.0
    version: 5.90.2(react@19.2.0)
  '@tanstack/react-query-devtools':
    specifier: ^5.89.0
    version: 5.90.2(@tanstack/react-query@5.90.2)(react@19.2.0)
  '@tanstack/react-router':
    specifier: ^1.132.31
    version: 1.132.47(react-dom@19.2.0)(react@19.2.0)
  '@tanstack/react-table':
    specifier: ^8.21.3
    version: 8.21.3(react-dom@19.2.0)(react@19.2.0)
  '@tanstack/react-virtual':
    specifier: ^3.13.12
    version: 3.13.12(react-dom@19.2.0)(react@19.2.0)
  class-variance-authority:
    specifier: ^0.7.1
    version: 0.7.1
  clsx:
    specifier: ^2.1.1
    version: 2.1.1
  date-fns:
    specifier: ^4.1.0
    version: 4.1.0
  dayjs:
    specifier: ^1.11.18
    version: 1.11.18
  lucide-react:
    specifier: ^0.548.0
    version: 0.548.0(react@19.2.0)
  next-themes:
    specifier: ^0.4.6
    version: 0.4.6(react-dom@19.2.0)(react@19.2.0)
  react:
    specifier: ^19.1.1
    version: 19.2.0
  react-day-picker:
    specifier: ^9.4.3
    version: 9.11.3(react@19.2.0)
  react-dom:
    specifier: ^19.1.1
    version: 19.2.0(react@19.2.0)
  react-hook-form:
    specifier: ^7.66.0
    version: 7.66.0(react@19.2.0)
  sonner:
    specifier: ^2.0.7
    version: 2.0.7(react-dom@19.2.0)(react@19.2.0)
  tailwind-merge:
    specifier: ^3.3.1
    version: 3.3.1
  tw-animate-css:
    specifier: ^1.4.0
    version: 1.4.0
  zod:
    specifier: ^4.1.12
    version: 4.1.12

devDependencies:
  '@types/react':
    specifier: ^19.1.13
    version: 19.2.2
  '@types/react-dom':
    specifier: ^19.1.9
    version: 19.2.1(@types/react@19.2.2)

packages:

  /@date-fns/tz@1.4.1:
    resolution: {integrity: sha512-P5LUNhtbj6YfI3iJjw5EL9eUAG6OitD0W3fWQcpQjDRc/QIsL0tRNuO1PcDvPccWL1fSTXXdE1ds+l95DV/OFA==}
    dev: false

  /@hookform/resolvers@5.2.2(react-hook-form@7.66.0):
    resolution: {integrity: sha512-A/IxlMLShx3KjV/HeTcTfaMxdwy690+L/ZADoeaTltLx+CVuzkeVIPuybK3jrRfw7YZnmdKsVVHAlEPIAEUNlA==}
    peerDependencies:
      react-hook-form: ^7.55.0
    dependencies:
      '@standard-schema/utils': 0.3.0
      react-hook-form: 7.66.0(react@19.2.0)
    dev: false

  /@radix-ui/primitive@1.1.3:
    resolution: {integrity: sha512-JTF99U/6XIjCBo0wqkU5sK10glYe27MRRsfwoiq5zzOEZLHU3A3KCMa5X/azekYRCJ0HlwI0crAXS/5dEHTzDg==}
    dev: false

  /@radix-ui/react-accordion@1.2.12(@types/react-dom@19.2.1)(@types/react@19.2.2)(react-dom@19.2.0)(react@19.2.0):
    resolution: {integrity: sha512-T4nygeh9YE9dLRPhAHSeOZi7HBXo+0kYIPJXayZfvWOWA0+n3dESrZbjfDPUABkUNym6Hd+f2IR113To8D2GPA==}
    peerDependencies:
      '@types/react': '*'
      '@types/react-dom': '*'
      react: ^16.8 || ^17.0 || ^18.0 || ^19.0 || ^19.0.0-rc
      react-dom: ^16.8 || ^17.0 || ^18.0 || ^19.0 || ^19.0.0-rc
    peerDependenciesMeta:
      '@types/react':
        optional: true
      '@types/react-dom':
        optional: true
    dependencies:
      '@radix-ui/primitive': 1.1.3
      '@radix-ui/react-collapsible': 1.1.12(@types/react-dom@19.2.1)(@types/react@19.2.2)(react-dom@19.2.0)(react@19.2.0)
      '@radix-ui/react-collection': 1.1.7(@types/react-dom@19.2.1)(@types/react@19.2.2)(react-dom@19.2.0)(react@19.2.0)
      '@radix-ui/react-compose-refs': 1.1.2(@types/react@19.2.2)(react@19.2.0)
      '@radix-ui/react-context': 1.1.2(@types/react@19.2.2)(react@19.2.0)
      '@radix-ui/react-direction': 1.1.1(@types/react@19.2.2)(react@19.2.0)
      '@radix-ui/react-id': 1.1.1(@types/react@19.2.2)(react@19.2.0)
      '@radix-ui/react-primitive': 2.1.3(@types/react-dom@19.2.1)(@types/react@19.2.2)(react-dom@19.2.0)(react@19.2.0)
      '@radix-ui/react-use-controllable-state': 1.2.2(@types/react@19.2.2)(react@19.2.0)
      '@types/react': 19.2.2
      '@types/react-dom': 19.2.1(@types/react@19.2.2)
      react: 19.2.0
      react-dom: 19.2.0(react@19.2.0)
    dev: false

  /@radix-ui/react-collapsible@1.1.12(@types/react-dom@19.2.1)(@types/react@19.2.2)(react-dom@19.2.0)(react@19.2.0):
    resolution: {integrity: sha512-Uu+mSh4agx2ib1uIGPP4/CKNULyajb3p92LsVXmH2EHVMTfZWpll88XJ0j4W0z3f8NK1eYl1+Mf/szHPmcHzyA==}
    peerDependencies:
      '@types/react': '*'
      '@types/react-dom': '*'
      react: ^16.8 || ^17.0 || ^18.0 || ^19.0 || ^19.0.0-rc
      react-dom: ^16.8 || ^17.0 || ^18.0 || ^19.0 || ^19.0.0-rc
    peerDependenciesMeta:
      '@types/react':
        optional: true
      '@types/react-dom':
        optional: true
    dependencies:
      '@radix-ui/primitive': 1.1.3
      '@radix-ui/react-compose-refs': 1.1.2(@types/react@19.2.2)(react@19.2.0)
      '@radix-ui/react-context': 1.1.2(@types/react@19.2.2)(react@19.2.0)
      '@radix-ui/react-id': 1.1.1(@types/react@19.2.2)(react@19.2.0)
      '@radix-ui/react-presence': 1.1.5(@types/react-dom@19.2.1)(@types/react@19.2.2)(react-dom@19.2.0)(react@19.2.0)
      '@radix-ui/react-primitive': 2.1.3(@types/react-dom@19.2.1)(@types/react@19.2.2)(react-dom@19.2.0)(react@19.2.0)
      '@radix-ui/react-use-controllable-state': 1.2.2(@types/react@19.2.2)(react@19.2.0)
      '@radix-ui/react-use-layout-effect': 1.1.1(@types/react@19.2.2)(react@19.2.0)
      '@types/react': 19.2.2
      '@types/react-dom': 19.2.1(@types/react@19.2.2)
      react: 19.2.0
      react-dom: 19.2.0(react@19.2.0)
    dev: false

  /@radix-ui/react-collection@1.1.7(@types/react-dom@19.2.1)(@types/react@19.2.2)(react-dom@19.2.0)(react@19.2.0):
    resolution: {integrity: sha512-Fh9rGN0MoI4ZFUNyfFVNU4y9LUz93u9/0K+yLgA2bwRojxM8JU1DyvvMBabnZPBgMWREAJvU2jjVzq+LrFUglw==}
    peerDependencies:
      '@types/react': '*'
      '@types/react-dom': '*'
      react: ^16.8 || ^17.0 || ^18.0 || ^19.0 || ^19.0.0-rc
      react-dom: ^16.8 || ^17.0 || ^18.0 || ^19.0 || ^19.0.0-rc
    peerDependenciesMeta:
      '@types/react':
        optional: true
      '@types/react-dom':
        optional: true
    dependencies:
      '@radix-ui/react-compose-refs': 1.1.2(@types/react@19.2.2)(react@19.2.0)
      '@radix-ui/react-context': 1.1.2(@types/react@19.2.2)(react@19.2.0)
      '@radix-ui/react-primitive': 2.1.3(@types/react-dom@19.2.1)(@types/react@19.2.2)(react-dom@19.2.0)(react@19.2.0)
      '@radix-ui/react-slot': 1.2.3(@types/react@19.2.2)(react@19.2.0)
      '@types/react': 19.2.2
      '@types/react-dom': 19.2.1(@types/react@19.2.2)
      react: 19.2.0
      react-dom: 19.2.0(react@19.2.0)
    dev: false

  /@radix-ui/react-compose-refs@1.1.2(@types/react@19.2.2)(react@19.2.0):
    resolution: {integrity: sha512-z4eqJvfiNnFMHIIvXP3CY57y2WJs5g2v3X0zm9mEJkrkNv4rDxu+sg9Jh8EkXyeqBkB7SOcboo9dMVqhyrACIg==}
    peerDependencies:
      '@types/react': '*'
      react: ^16.8 || ^17.0 || ^18.0 || ^19.0 || ^19.0.0-rc
    peerDependenciesMeta:
      '@types/react':
        optional: true
    dependencies:
      '@types/react': 19.2.2
      react: 19.2.0
    dev: false

  /@radix-ui/react-context@1.1.2(@types/react@19.2.2)(react@19.2.0):
    resolution: {integrity: sha512-jCi/QKUM2r1Ju5a3J64TH2A5SpKAgh0LpknyqdQ4m6DCV0xJ2HG1xARRwNGPQfi1SLdLWZ1OJz6F4OMBBNiGJA==}
    peerDependencies:
      '@types/react': '*'
      react: ^16.8 || ^17.0 || ^18.0 || ^19.0 || ^19.0.0-rc
    peerDependenciesMeta:
      '@types/react':
        optional: true
    dependencies:
      '@types/react': 19.2.2
      react: 19.2.0
    dev: false

  /@radix-ui/react-dialog@1.1.15(@types/react-dom@19.2.1)(@types/react@19.2.2)(react-dom@19.2.0)(react@19.2.0):
    resolution: {integrity: sha512-TCglVRtzlffRNxRMEyR36DGBLJpeusFcgMVD9PZEzAKnUs1lKCgX5u9BmC2Yg+LL9MgZDugFFs1Vl+Jp4t/PGw==}
    peerDependencies:
      '@types/react': '*'
      '@types/react-dom': '*'
      react: ^16.8 || ^17.0 || ^18.0 || ^19.0 || ^19.0.0-rc
      react-dom: ^16.8 || ^17.0 || ^18.0 || ^19.0 || ^19.0.0-rc
    peerDependenciesMeta:
      '@types/react':
        optional: true
      '@types/react-dom':
        optional: true
    dependencies:
      '@radix-ui/primitive': 1.1.3
      '@radix-ui/react-compose-refs': 1.1.2(@types/react@19.2.2)(react@19.2.0)
      '@radix-ui/react-context': 1.1.2(@types/react@19.2.2)(react@19.2.0)
      '@radix-ui/react-dismissable-layer': 1.1.11(@types/react-dom@19.2.1)(@types/react@19.2.2)(react-dom@19.2.0)(react@19.2.0)
      '@radix-ui/react-focus-guards': 1.1.3(@types/react@19.2.2)(react@19.2.0)
      '@radix-ui/react-focus-scope': 1.1.7(@types/react-dom@19.2.1)(@types/react@19.2.2)(react-dom@19.2.0)(react@19.2.0)
      '@radix-ui/react-id': 1.1.1(@types/react@19.2.2)(react@19.2.0)
      '@radix-ui/react-portal': 1.1.9(@types/react-dom@19.2.1)(@types/react@19.2.2)(react-dom@19.2.0)(react@19.2.0)
      '@radix-ui/react-presence': 1.1.5(@types/react-dom@19.2.1)(@types/react@19.2.2)(react-dom@19.2.0)(react@19.2.0)
      '@radix-ui/react-primitive': 2.1.3(@types/react-dom@19.2.1)(@types/react@19.2.2)(react-dom@19.2.0)(react@19.2.0)
      '@radix-ui/react-slot': 1.2.3(@types/react@19.2.2)(react@19.2.0)
      '@radix-ui/react-use-controllable-state': 1.2.2(@types/react@19.2.2)(react@19.2.0)
      '@types/react': 19.2.2
      '@types/react-dom': 19.2.1(@types/react@19.2.2)
      aria-hidden: 1.2.6
      react: 19.2.0
      react-dom: 19.2.0(react@19.2.0)
      react-remove-scroll: 2.7.2(@types/react@19.2.2)(react@19.2.0)
    dev: false

  /@radix-ui/react-direction@1.1.1(@types/react@19.2.2)(react@19.2.0):
    resolution: {integrity: sha512-1UEWRX6jnOA2y4H5WczZ44gOOjTEmlqv1uNW4GAJEO5+bauCBhv8snY65Iw5/VOS/ghKN9gr2KjnLKxrsvoMVw==}
    peerDependencies:
      '@types/react': '*'
      react: ^16.8 || ^17.0 || ^18.0 || ^19.0 || ^19.0.0-rc
    peerDependenciesMeta:
      '@types/react':
        optional: true
    dependencies:
      '@types/react': 19.2.2
      react: 19.2.0
    dev: false

  /@radix-ui/react-dismissable-layer@1.1.11(@types/react-dom@19.2.1)(@types/react@19.2.2)(react-dom@19.2.0)(react@19.2.0):
    resolution: {integrity: sha512-Nqcp+t5cTB8BinFkZgXiMJniQH0PsUt2k51FUhbdfeKvc4ACcG2uQniY/8+h1Yv6Kza4Q7lD7PQV0z0oicE0Mg==}
    peerDependencies:
      '@types/react': '*'
      '@types/react-dom': '*'
      react: ^16.8 || ^17.0 || ^18.0 || ^19.0 || ^19.0.0-rc
      react-dom: ^16.8 || ^17.0 || ^18.0 || ^19.0 || ^19.0.0-rc
    peerDependenciesMeta:
      '@types/react':
        optional: true
      '@types/react-dom':
        optional: true
    dependencies:
      '@radix-ui/primitive': 1.1.3
      '@radix-ui/react-compose-refs': 1.1.2(@types/react@19.2.2)(react@19.2.0)
      '@radix-ui/react-primitive': 2.1.3(@types/react-dom@19.2.1)(@types/react@19.2.2)(react-dom@19.2.0)(react@19.2.0)
      '@radix-ui/react-use-callback-ref': 1.1.1(@types/react@19.2.2)(react@19.2.0)
      '@radix-ui/react-use-escape-keydown': 1.1.1(@types/react@19.2.2)(react@19.2.0)
      '@types/react': 19.2.2
      '@types/react-dom': 19.2.1(@types/react@19.2.2)
      react: 19.2.0
      react-dom: 19.2.0(react@19.2.0)
    dev: false

  /@radix-ui/react-focus-guards@1.1.3(@types/react@19.2.2)(react@19.2.0):
    resolution: {integrity: sha512-0rFg/Rj2Q62NCm62jZw0QX7a3sz6QCQU0LpZdNrJX8byRGaGVTqbrW9jAoIAHyMQqsNpeZ81YgSizOt5WXq0Pw==}
    peerDependencies:
      '@types/react': '*'
      react: ^16.8 || ^17.0 || ^18.0 || ^19.0 || ^19.0.0-rc
    peerDependenciesMeta:
      '@types/react':
        optional: true
    dependencies:
      '@types/react': 19.2.2
      react: 19.2.0
    dev: false

  /@radix-ui/react-focus-scope@1.1.7(@types/react-dom@19.2.1)(@types/react@19.2.2)(react-dom@19.2.0)(react@19.2.0):
    resolution: {integrity: sha512-t2ODlkXBQyn7jkl6TNaw/MtVEVvIGelJDCG41Okq/KwUsJBwQ4XVZsHAVUkK4mBv3ewiAS3PGuUWuY2BoK4ZUw==}
    peerDependencies:
      '@types/react': '*'
      '@types/react-dom': '*'
      react: ^16.8 || ^17.0 || ^18.0 || ^19.0 || ^19.0.0-rc
      react-dom: ^16.8 || ^17.0 || ^18.0 || ^19.0 || ^19.0.0-rc
    peerDependenciesMeta:
      '@types/react':
        optional: true
      '@types/react-dom':
        optional: true
    dependencies:
      '@radix-ui/react-compose-refs': 1.1.2(@types/react@19.2.2)(react@19.2.0)
      '@radix-ui/react-primitive': 2.1.3(@types/react-dom@19.2.1)(@types/react@19.2.2)(react-dom@19.2.0)(react@19.2.0)
      '@radix-ui/react-use-callback-ref': 1.1.1(@types/react@19.2.2)(react@19.2.0)
      '@types/react': 19.2.2
      '@types/react-dom': 19.2.1(@types/react@19.2.2)
      react: 19.2.0
      react-dom: 19.2.0(react@19.2.0)
    dev: false

  /@radix-ui/react-id@1.1.1(@types/react@19.2.2)(react@19.2.0):
    resolution: {integrity: sha512-kGkGegYIdQsOb4XjsfM97rXsiHaBwco+hFI66oO4s9LU+PLAC5oJ7khdOVFxkhsmlbpUqDAvXw11CluXP+jkHg==}
    peerDependencies:
      '@types/react': '*'
      react: ^16.8 || ^17.0 || ^18.0 || ^19.0 || ^19.0.0-rc
    peerDependenciesMeta:
      '@types/react':
        optional: true
    dependencies:
      '@radix-ui/react-use-layout-effect': 1.1.1(@types/react@19.2.2)(react@19.2.0)
      '@types/react': 19.2.2
      react: 19.2.0
    dev: false

  /@radix-ui/react-label@2.1.7(@types/react-dom@19.2.1)(@types/react@19.2.2)(react-dom@19.2.0)(react@19.2.0):
    resolution: {integrity: sha512-YT1GqPSL8kJn20djelMX7/cTRp/Y9w5IZHvfxQTVHrOqa2yMl7i/UfMqKRU5V7mEyKTrUVgJXhNQPVCG8PBLoQ==}
    peerDependencies:
      '@types/react': '*'
      '@types/react-dom': '*'
      react: ^16.8 || ^17.0 || ^18.0 || ^19.0 || ^19.0.0-rc
      react-dom: ^16.8 || ^17.0 || ^18.0 || ^19.0 || ^19.0.0-rc
    peerDependenciesMeta:
      '@types/react':
        optional: true
      '@types/react-dom':
        optional: true
    dependencies:
      '@radix-ui/react-primitive': 2.1.3(@types/react-dom@19.2.1)(@types/react@19.2.2)(react-dom@19.2.0)(react@19.2.0)
      '@types/react': 19.2.2
      '@types/react-dom': 19.2.1(@types/react@19.2.2)
      react: 19.2.0
      react-dom: 19.2.0(react@19.2.0)
    dev: false

  /@radix-ui/react-portal@1.1.9(@types/react-dom@19.2.1)(@types/react@19.2.2)(react-dom@19.2.0)(react@19.2.0):
    resolution: {integrity: sha512-bpIxvq03if6UNwXZ+HTK71JLh4APvnXntDc6XOX8UVq4XQOVl7lwok0AvIl+b8zgCw3fSaVTZMpAPPagXbKmHQ==}
    peerDependencies:
      '@types/react': '*'
      '@types/react-dom': '*'
      react: ^16.8 || ^17.0 || ^18.0 || ^19.0 || ^19.0.0-rc
      react-dom: ^16.8 || ^17.0 || ^18.0 || ^19.0 || ^19.0.0-rc
    peerDependenciesMeta:
      '@types/react':
        optional: true
      '@types/react-dom':
        optional: true
    dependencies:
      '@radix-ui/react-primitive': 2.1.3(@types/react-dom@19.2.1)(@types/react@19.2.2)(react-dom@19.2.0)(react@19.2.0)
      '@radix-ui/react-use-layout-effect': 1.1.1(@types/react@19.2.2)(react@19.2.0)
      '@types/react': 19.2.2
      '@types/react-dom': 19.2.1(@types/react@19.2.2)
      react: 19.2.0
      react-dom: 19.2.0(react@19.2.0)
    dev: false

  /@radix-ui/react-presence@1.1.5(@types/react-dom@19.2.1)(@types/react@19.2.2)(react-dom@19.2.0)(react@19.2.0):
    resolution: {integrity: sha512-/jfEwNDdQVBCNvjkGit4h6pMOzq8bHkopq458dPt2lMjx+eBQUohZNG9A7DtO/O5ukSbxuaNGXMjHicgwy6rQQ==}
    peerDependencies:
      '@types/react': '*'
      '@types/react-dom': '*'
      react: ^16.8 || ^17.0 || ^18.0 || ^19.0 || ^19.0.0-rc
      react-dom: ^16.8 || ^17.0 || ^18.0 || ^19.0 || ^19.0.0-rc
    peerDependenciesMeta:
      '@types/react':
        optional: true
      '@types/react-dom':
        optional: true
    dependencies:
      '@radix-ui/react-compose-refs': 1.1.2(@types/react@19.2.2)(react@19.2.0)
      '@radix-ui/react-use-layout-effect': 1.1.1(@types/react@19.2.2)(react@19.2.0)
      '@types/react': 19.2.2
      '@types/react-dom': 19.2.1(@types/react@19.2.2)
      react: 19.2.0
      react-dom: 19.2.0(react@19.2.0)
    dev: false

  /@radix-ui/react-primitive@2.1.3(@types/react-dom@19.2.1)(@types/react@19.2.2)(react-dom@19.2.0)(react@19.2.0):
    resolution: {integrity: sha512-m9gTwRkhy2lvCPe6QJp4d3G1TYEUHn/FzJUtq9MjH46an1wJU+GdoGC5VLof8RX8Ft/DlpshApkhswDLZzHIcQ==}
    peerDependencies:
      '@types/react': '*'
      '@types/react-dom': '*'
      react: ^16.8 || ^17.0 || ^18.0 || ^19.0 || ^19.0.0-rc
      react-dom: ^16.8 || ^17.0 || ^18.0 || ^19.0 || ^19.0.0-rc
    peerDependenciesMeta:
      '@types/react':
        optional: true
      '@types/react-dom':
        optional: true
    dependencies:
      '@radix-ui/react-slot': 1.2.3(@types/react@19.2.2)(react@19.2.0)
      '@types/react': 19.2.2
      '@types/react-dom': 19.2.1(@types/react@19.2.2)
      react: 19.2.0
      react-dom: 19.2.0(react@19.2.0)
    dev: false

  /@radix-ui/react-slot@1.2.3(@types/react@19.2.2)(react@19.2.0):
    resolution: {integrity: sha512-aeNmHnBxbi2St0au6VBVC7JXFlhLlOnvIIlePNniyUNAClzmtAUEY8/pBiK3iHjufOlwA+c20/8jngo7xcrg8A==}
    peerDependencies:
      '@types/react': '*'
      react: ^16.8 || ^17.0 || ^18.0 || ^19.0 || ^19.0.0-rc
    peerDependenciesMeta:
      '@types/react':
        optional: true
    dependencies:
      '@radix-ui/react-compose-refs': 1.1.2(@types/react@19.2.2)(react@19.2.0)
      '@types/react': 19.2.2
      react: 19.2.0
    dev: false

  /@radix-ui/react-use-callback-ref@1.1.1(@types/react@19.2.2)(react@19.2.0):
    resolution: {integrity: sha512-FkBMwD+qbGQeMu1cOHnuGB6x4yzPjho8ap5WtbEJ26umhgqVXbhekKUQO+hZEL1vU92a3wHwdp0HAcqAUF5iDg==}
    peerDependencies:
      '@types/react': '*'
      react: ^16.8 || ^17.0 || ^18.0 || ^19.0 || ^19.0.0-rc
    peerDependenciesMeta:
      '@types/react':
        optional: true
    dependencies:
      '@types/react': 19.2.2
      react: 19.2.0
    dev: false

  /@radix-ui/react-use-controllable-state@1.2.2(@types/react@19.2.2)(react@19.2.0):
    resolution: {integrity: sha512-BjasUjixPFdS+NKkypcyyN5Pmg83Olst0+c6vGov0diwTEo6mgdqVR6hxcEgFuh4QrAs7Rc+9KuGJ9TVCj0Zzg==}
    peerDependencies:
      '@types/react': '*'
      react: ^16.8 || ^17.0 || ^18.0 || ^19.0 || ^19.0.0-rc
    peerDependenciesMeta:
      '@types/react':
        optional: true
    dependencies:
      '@radix-ui/react-use-effect-event': 0.0.2(@types/react@19.2.2)(react@19.2.0)
      '@radix-ui/react-use-layout-effect': 1.1.1(@types/react@19.2.2)(react@19.2.0)
      '@types/react': 19.2.2
      react: 19.2.0
    dev: false

  /@radix-ui/react-use-effect-event@0.0.2(@types/react@19.2.2)(react@19.2.0):
    resolution: {integrity: sha512-Qp8WbZOBe+blgpuUT+lw2xheLP8q0oatc9UpmiemEICxGvFLYmHm9QowVZGHtJlGbS6A6yJ3iViad/2cVjnOiA==}
    peerDependencies:
      '@types/react': '*'
      react: ^16.8 || ^17.0 || ^18.0 || ^19.0 || ^19.0.0-rc
    peerDependenciesMeta:
      '@types/react':
        optional: true
    dependencies:
      '@radix-ui/react-use-layout-effect': 1.1.1(@types/react@19.2.2)(react@19.2.0)
      '@types/react': 19.2.2
      react: 19.2.0
    dev: false

  /@radix-ui/react-use-escape-keydown@1.1.1(@types/react@19.2.2)(react@19.2.0):
    resolution: {integrity: sha512-Il0+boE7w/XebUHyBjroE+DbByORGR9KKmITzbR7MyQ4akpORYP/ZmbhAr0DG7RmmBqoOnZdy2QlvajJ2QA59g==}
    peerDependencies:
      '@types/react': '*'
      react: ^16.8 || ^17.0 || ^18.0 || ^19.0 || ^19.0.0-rc
    peerDependenciesMeta:
      '@types/react':
        optional: true
    dependencies:
      '@radix-ui/react-use-callback-ref': 1.1.1(@types/react@19.2.2)(react@19.2.0)
      '@types/react': 19.2.2
      react: 19.2.0
    dev: false

  /@radix-ui/react-use-layout-effect@1.1.1(@types/react@19.2.2)(react@19.2.0):
    resolution: {integrity: sha512-RbJRS4UWQFkzHTTwVymMTUv8EqYhOp8dOOviLj2ugtTiXRaRQS7GLGxZTLL1jWhMeoSCf5zmcZkqTl9IiYfXcQ==}
    peerDependencies:
      '@types/react': '*'
      react: ^16.8 || ^17.0 || ^18.0 || ^19.0 || ^19.0.0-rc
    peerDependenciesMeta:
      '@types/react':
        optional: true
    dependencies:
      '@types/react': 19.2.2
      react: 19.2.0
    dev: false

  /@standard-schema/utils@0.3.0:
    resolution: {integrity: sha512-e7Mew686owMaPJVNNLs55PUvgz371nKgwsc4vxE49zsODpJEnxgxRo2y/OKrqueavXgZNMDVj3DdHFlaSAeU8g==}
    dev: false

  /@tanstack/history@1.132.31:
    resolution: {integrity: sha512-UCHM2uS0t/uSszqPEo+SBSSoQVeQ+LlOWAVBl5SA7+AedeAbKafIPjFn8huZCXNLAYb0WKV2+wETr7lDK9uz7g==}
    engines: {node: '>=12'}
    dev: false

  /@tanstack/query-core@5.90.2:
    resolution: {integrity: sha512-k/TcR3YalnzibscALLwxeiLUub6jN5EDLwKDiO7q5f4ICEoptJ+n9+7vcEFy5/x/i6Q+Lb/tXrsKCggf5uQJXQ==}
    dev: false

  /@tanstack/query-devtools@5.90.1:
    resolution: {integrity: sha512-GtINOPjPUH0OegJExZ70UahT9ykmAhmtNVcmtdnOZbxLwT7R5OmRztR5Ahe3/Cu7LArEmR6/588tAycuaWb1xQ==}
    dev: false

  /@tanstack/react-query-devtools@5.90.2(@tanstack/react-query@5.90.2)(react@19.2.0):
    resolution: {integrity: sha512-vAXJzZuBXtCQtrY3F/yUNJCV4obT/A/n81kb3+YqLbro5Z2+phdAbceO+deU3ywPw8B42oyJlp4FhO0SoivDFQ==}
    peerDependencies:
      '@tanstack/react-query': ^5.90.2
      react: ^18 || ^19
    dependencies:
      '@tanstack/query-devtools': 5.90.1
      '@tanstack/react-query': 5.90.2(react@19.2.0)
      react: 19.2.0
    dev: false

  /@tanstack/react-query@5.90.2(react@19.2.0):
    resolution: {integrity: sha512-CLABiR+h5PYfOWr/z+vWFt5VsOA2ekQeRQBFSKlcoW6Ndx/f8rfyVmq4LbgOM4GG2qtxAxjLYLOpCNTYm4uKzw==}
    peerDependencies:
      react: ^18 || ^19
    dependencies:
      '@tanstack/query-core': 5.90.2
      react: 19.2.0
    dev: false

  /@tanstack/react-router@1.132.47(react-dom@19.2.0)(react@19.2.0):
    resolution: {integrity: sha512-mjCN1ueVLHBOK1gqLeacCrUPBZietMKTkr7xZlC32dCGn4e+83zMSlRTS2TrEl7+wEH+bqjnoyx8ALYTSiQ1Cg==}
    engines: {node: '>=12'}
    peerDependencies:
      react: '>=18.0.0 || >=19.0.0'
      react-dom: '>=18.0.0 || >=19.0.0'
    dependencies:
      '@tanstack/history': 1.132.31
      '@tanstack/react-store': 0.7.7(react-dom@19.2.0)(react@19.2.0)
      '@tanstack/router-core': 1.132.47
      isbot: 5.1.31
      react: 19.2.0
      react-dom: 19.2.0(react@19.2.0)
      tiny-invariant: 1.3.3
      tiny-warning: 1.0.3
    dev: false

  /@tanstack/react-store@0.7.7(react-dom@19.2.0)(react@19.2.0):
    resolution: {integrity: sha512-qqT0ufegFRDGSof9D/VqaZgjNgp4tRPHZIJq2+QIHkMUtHjaJ0lYrrXjeIUJvjnTbgPfSD1XgOMEt0lmANn6Zg==}
    peerDependencies:
      react: ^16.8.0 || ^17.0.0 || ^18.0.0 || ^19.0.0
      react-dom: ^16.8.0 || ^17.0.0 || ^18.0.0 || ^19.0.0
    dependencies:
      '@tanstack/store': 0.7.7
      react: 19.2.0
      react-dom: 19.2.0(react@19.2.0)
      use-sync-external-store: 1.6.0(react@19.2.0)
    dev: false

  /@tanstack/react-table@8.21.3(react-dom@19.2.0)(react@19.2.0):
    resolution: {integrity: sha512-5nNMTSETP4ykGegmVkhjcS8tTLW6Vl4axfEGQN3v0zdHYbK4UfoqfPChclTrJ4EoK9QynqAu9oUf8VEmrpZ5Ww==}
    engines: {node: '>=12'}
    peerDependencies:
      react: '>=16.8'
      react-dom: '>=16.8'
    dependencies:
      '@tanstack/table-core': 8.21.3
      react: 19.2.0
      react-dom: 19.2.0(react@19.2.0)
    dev: false

  /@tanstack/react-virtual@3.13.12(react-dom@19.2.0)(react@19.2.0):
    resolution: {integrity: sha512-Gd13QdxPSukP8ZrkbgS2RwoZseTTbQPLnQEn7HY/rqtM+8Zt95f7xKC7N0EsKs7aoz0WzZ+fditZux+F8EzYxA==}
    peerDependencies:
      react: ^16.8.0 || ^17.0.0 || ^18.0.0 || ^19.0.0
      react-dom: ^16.8.0 || ^17.0.0 || ^18.0.0 || ^19.0.0
    dependencies:
      '@tanstack/virtual-core': 3.13.12
      react: 19.2.0
      react-dom: 19.2.0(react@19.2.0)
    dev: false

  /@tanstack/router-core@1.132.47:
    resolution: {integrity: sha512-8YKFHmG6VUqXaWAJzEqjyW6w31dARS2USd2mtI5ZeZcihqMbskK28N4iotBXNn+sSKJnPRjc7A4jTnnEf8Mn8Q==}
    engines: {node: '>=12'}
    dependencies:
      '@tanstack/history': 1.132.31
      '@tanstack/store': 0.7.7
      cookie-es: 2.0.0
      seroval: 1.3.2
      seroval-plugins: 1.3.3(seroval@1.3.2)
      tiny-invariant: 1.3.3
      tiny-warning: 1.0.3
    dev: false

  /@tanstack/store@0.7.7:
    resolution: {integrity: sha512-xa6pTan1bcaqYDS9BDpSiS63qa6EoDkPN9RsRaxHuDdVDNntzq3xNwR5YKTU/V3SkSyC9T4YVOPh2zRQN0nhIQ==}
    dev: false

  /@tanstack/table-core@8.21.3:
    resolution: {integrity: sha512-ldZXEhOBb8Is7xLs01fR3YEc3DERiz5silj8tnGkFZytt1abEvl/GhUmCE0PMLaMPTa3Jk4HbKmRlHmu+gCftg==}
    engines: {node: '>=12'}
    dev: false

  /@tanstack/virtual-core@3.13.12:
    resolution: {integrity: sha512-1YBOJfRHV4sXUmWsFSf5rQor4Ss82G8dQWLRbnk3GA4jeP8hQt1hxXh0tmflpC0dz3VgEv/1+qwPyLeWkQuPFA==}
    dev: false

  /@types/react-dom@19.2.1(@types/react@19.2.2):
    resolution: {integrity: sha512-/EEvYBdT3BflCWvTMO7YkYBHVE9Ci6XdqZciZANQgKpaiDRGOLIlRo91jbTNRQjgPFWVaRxcYc0luVNFitz57A==}
    peerDependencies:
      '@types/react': ^19.2.0
    dependencies:
      '@types/react': 19.2.2

  /@types/react@19.2.2:
    resolution: {integrity: sha512-6mDvHUFSjyT2B2yeNx2nUgMxh9LtOWvkhIU3uePn2I2oyNymUAX1NIsdgviM4CH+JSrp2D2hsMvJOkxY+0wNRA==}
    dependencies:
      csstype: 3.1.3

  /aria-hidden@1.2.6:
    resolution: {integrity: sha512-ik3ZgC9dY/lYVVM++OISsaYDeg1tb0VtP5uL3ouh1koGOaUMDPpbFIei4JkFimWUFPn90sbMNMXQAIVOlnYKJA==}
    engines: {node: '>=10'}
    dependencies:
      tslib: 2.8.1
    dev: false

  /class-variance-authority@0.7.1:
    resolution: {integrity: sha512-Ka+9Trutv7G8M6WT6SeiRWz792K5qEqIGEGzXKhAE6xOWAY6pPH8U+9IY3oCMv6kqTmLsv7Xh/2w2RigkePMsg==}
    dependencies:
      clsx: 2.1.1
    dev: false

  /clsx@2.1.1:
    resolution: {integrity: sha512-eYm0QWBtUrBWZWG0d386OGAw16Z995PiOVo2B7bjWSbHedGl5e0ZWaq65kOGgUSNesEIDkB9ISbTg/JK9dhCZA==}
    engines: {node: '>=6'}
    dev: false

  /cookie-es@2.0.0:
    resolution: {integrity: sha512-RAj4E421UYRgqokKUmotqAwuplYw15qtdXfY+hGzgCJ/MBjCVZcSoHK/kH9kocfjRjcDME7IiDWR/1WX1TM2Pg==}
    dev: false

  /csstype@3.1.3:
    resolution: {integrity: sha512-M1uQkMl8rQK/szD0LNhtqxIPLpimGm8sOBwU7lLnCpSbTyY3yeU1Vc7l4KT5zT4s/yOxHH5O7tIuuLOCnLADRw==}

  /date-fns-jalali@4.1.0-0:
    resolution: {integrity: sha512-hTIP/z+t+qKwBDcmmsnmjWTduxCg+5KfdqWQvb2X/8C9+knYY6epN/pfxdDuyVlSVeFz0sM5eEfwIUQ70U4ckg==}
    dev: false

  /date-fns@4.1.0:
    resolution: {integrity: sha512-Ukq0owbQXxa/U3EGtsdVBkR1w7KOQ5gIBqdH2hkvknzZPYvBxb/aa6E8L7tmjFtkwZBu3UXBbjIgPo/Ez4xaNg==}
    dev: false

  /dayjs@1.11.18:
    resolution: {integrity: sha512-zFBQ7WFRvVRhKcWoUh+ZA1g2HVgUbsZm9sbddh8EC5iv93sui8DVVz1Npvz+r6meo9VKfa8NyLWBsQK1VvIKPA==}
    dev: false

  /detect-node-es@1.1.0:
    resolution: {integrity: sha512-ypdmJU/TbBby2Dxibuv7ZLW3Bs1QEmM7nHjEANfohJLvE0XVujisn1qPJcZxg+qDucsr+bP6fLD1rPS3AhJ7EQ==}
    dev: false

  /get-nonce@1.0.1:
    resolution: {integrity: sha512-FJhYRoDaiatfEkUK8HKlicmu/3SGFD51q3itKDGoSTysQJBnfOcxU5GxnhE1E6soB76MbT0MBtnKJuXyAx+96Q==}
    engines: {node: '>=6'}
    dev: false

  /isbot@5.1.31:
    resolution: {integrity: sha512-DPgQshehErHAqSCKDb3rNW03pa2wS/v5evvUqtxt6TTnHRqAG8FdzcSSJs9656pK6Y+NT7K9R4acEYXLHYfpUQ==}
    engines: {node: '>=18'}
    dev: false

  /lucide-react@0.548.0(react@19.2.0):
    resolution: {integrity: sha512-63b16z63jM9yc1MwxajHeuu0FRZFsDtljtDjYm26Kd86UQ5HQzu9ksEtoUUw4RBuewodw/tGFmvipePvRsKeDA==}
    peerDependencies:
      react: ^16.5.1 || ^17.0.0 || ^18.0.0 || ^19.0.0
    dependencies:
      react: 19.2.0
    dev: false

  /next-themes@0.4.6(react-dom@19.2.0)(react@19.2.0):
    resolution: {integrity: sha512-pZvgD5L0IEvX5/9GWyHMf3m8BKiVQwsCMHfoFosXtXBMnaS0ZnIJ9ST4b4NqLVKDEm8QBxoNNGNaBv2JNF6XNA==}
    peerDependencies:
      react: ^16.8 || ^17 || ^18 || ^19 || ^19.0.0-rc
      react-dom: ^16.8 || ^17 || ^18 || ^19 || ^19.0.0-rc
    dependencies:
      react: 19.2.0
      react-dom: 19.2.0(react@19.2.0)
    dev: false

  /react-day-picker@9.11.3(react@19.2.0):
    resolution: {integrity: sha512-7lD12UvGbkyXqgzbYIGQTbl+x29B9bAf+k0pP5Dcs1evfpKk6zv4EdH/edNc8NxcmCiTNXr2HIYPrSZ3XvmVBg==}
    engines: {node: '>=18'}
    peerDependencies:
      react: '>=16.8.0'
    dependencies:
      '@date-fns/tz': 1.4.1
      date-fns: 4.1.0
      date-fns-jalali: 4.1.0-0
      react: 19.2.0
    dev: false

  /react-dom@19.2.0(react@19.2.0):
    resolution: {integrity: sha512-UlbRu4cAiGaIewkPyiRGJk0imDN2T3JjieT6spoL2UeSf5od4n5LB/mQ4ejmxhCFT1tYe8IvaFulzynWovsEFQ==}
    peerDependencies:
      react: ^19.2.0
    dependencies:
      react: 19.2.0
      scheduler: 0.27.0
    dev: false

  /react-hook-form@7.66.0(react@19.2.0):
    resolution: {integrity: sha512-xXBqsWGKrY46ZqaHDo+ZUYiMUgi8suYu5kdrS20EG8KiL7VRQitEbNjm+UcrDYrNi1YLyfpmAeGjCZYXLT9YBw==}
    engines: {node: '>=18.0.0'}
    peerDependencies:
      react: ^16.8.0 || ^17 || ^18 || ^19
    dependencies:
      react: 19.2.0
    dev: false

  /react-remove-scroll-bar@2.3.8(@types/react@19.2.2)(react@19.2.0):
    resolution: {integrity: sha512-9r+yi9+mgU33AKcj6IbT9oRCO78WriSj6t/cF8DWBZJ9aOGPOTEDvdUDz1FwKim7QXWwmHqtdHnRJfhAxEG46Q==}
    engines: {node: '>=10'}
    peerDependencies:
      '@types/react': '*'
      react: ^16.8.0 || ^17.0.0 || ^18.0.0 || ^19.0.0
    peerDependenciesMeta:
      '@types/react':
        optional: true
    dependencies:
      '@types/react': 19.2.2
      react: 19.2.0
      react-style-singleton: 2.2.3(@types/react@19.2.2)(react@19.2.0)
      tslib: 2.8.1
    dev: false

  /react-remove-scroll@2.7.2(@types/react@19.2.2)(react@19.2.0):
    resolution: {integrity: sha512-Iqb9NjCCTt6Hf+vOdNIZGdTiH1QSqr27H/Ek9sv/a97gfueI/5h1s3yRi1nngzMUaOOToin5dI1dXKdXiF+u0Q==}
    engines: {node: '>=10'}
    peerDependencies:
      '@types/react': '*'
      react: ^16.8.0 || ^17.0.0 || ^18.0.0 || ^19.0.0 || ^19.0.0-rc
    peerDependenciesMeta:
      '@types/react':
        optional: true
    dependencies:
      '@types/react': 19.2.2
      react: 19.2.0
      react-remove-scroll-bar: 2.3.8(@types/react@19.2.2)(react@19.2.0)
      react-style-singleton: 2.2.3(@types/react@19.2.2)(react@19.2.0)
      tslib: 2.8.1
      use-callback-ref: 1.3.3(@types/react@19.2.2)(react@19.2.0)
      use-sidecar: 1.1.3(@types/react@19.2.2)(react@19.2.0)
    dev: false

  /react-style-singleton@2.2.3(@types/react@19.2.2)(react@19.2.0):
    resolution: {integrity: sha512-b6jSvxvVnyptAiLjbkWLE/lOnR4lfTtDAl+eUC7RZy+QQWc6wRzIV2CE6xBuMmDxc2qIihtDCZD5NPOFl7fRBQ==}
    engines: {node: '>=10'}
    peerDependencies:
      '@types/react': '*'
      react: ^16.8.0 || ^17.0.0 || ^18.0.0 || ^19.0.0 || ^19.0.0-rc
    peerDependenciesMeta:
      '@types/react':
        optional: true
    dependencies:
      '@types/react': 19.2.2
      get-nonce: 1.0.1
      react: 19.2.0
      tslib: 2.8.1
    dev: false

  /react@19.2.0:
    resolution: {integrity: sha512-tmbWg6W31tQLeB5cdIBOicJDJRR2KzXsV7uSK9iNfLWQ5bIZfxuPEHp7M8wiHyHnn0DD1i7w3Zmin0FtkrwoCQ==}
    engines: {node: '>=0.10.0'}
    dev: false

  /scheduler@0.27.0:
    resolution: {integrity: sha512-eNv+WrVbKu1f3vbYJT/xtiF5syA5HPIMtf9IgY/nKg0sWqzAUEvqY/xm7OcZc/qafLx/iO9FgOmeSAp4v5ti/Q==}
    dev: false

  /seroval-plugins@1.3.3(seroval@1.3.2):
    resolution: {integrity: sha512-16OL3NnUBw8JG1jBLUoZJsLnQq0n5Ua6aHalhJK4fMQkz1lqR7Osz1sA30trBtd9VUDc2NgkuRCn8+/pBwqZ+w==}
    engines: {node: '>=10'}
    peerDependencies:
      seroval: ^1.0
    dependencies:
      seroval: 1.3.2
    dev: false

  /seroval@1.3.2:
    resolution: {integrity: sha512-RbcPH1n5cfwKrru7v7+zrZvjLurgHhGyso3HTyGtRivGWgYjbOmGuivCQaORNELjNONoK35nj28EoWul9sb1zQ==}
    engines: {node: '>=10'}
    dev: false

  /sonner@2.0.7(react-dom@19.2.0)(react@19.2.0):
    resolution: {integrity: sha512-W6ZN4p58k8aDKA4XPcx2hpIQXBRAgyiWVkYhT7CvK6D3iAu7xjvVyhQHg2/iaKJZ1XVJ4r7XuwGL+WGEK37i9w==}
    peerDependencies:
      react: ^18.0.0 || ^19.0.0 || ^19.0.0-rc
      react-dom: ^18.0.0 || ^19.0.0 || ^19.0.0-rc
    dependencies:
      react: 19.2.0
      react-dom: 19.2.0(react@19.2.0)
    dev: false

  /tailwind-merge@3.3.1:
    resolution: {integrity: sha512-gBXpgUm/3rp1lMZZrM/w7D8GKqshif0zAymAhbCyIt8KMe+0v9DQ7cdYLR4FHH/cKpdTXb+A/tKKU3eolfsI+g==}
    dev: false

  /tiny-invariant@1.3.3:
    resolution: {integrity: sha512-+FbBPE1o9QAYvviau/qC5SE3caw21q3xkvWKBtja5vgqOWIHHJ3ioaq1VPfn/Szqctz2bU/oYeKd9/z5BL+PVg==}
    dev: false

  /tiny-warning@1.0.3:
    resolution: {integrity: sha512-lBN9zLN/oAf68o3zNXYrdCt1kP8WsiGW8Oo2ka41b2IM5JL/S1CTyX1rW0mb/zSuJun0ZUrDxx4sqvYS2FWzPA==}
    dev: false

  /tslib@2.8.1:
    resolution: {integrity: sha512-oJFu94HQb+KVduSUQL7wnpmqnfmLsOA/nAh6b6EH0wCEoK0/mPeXU6c3wKDV83MkOuHPRHtSXKKU99IBazS/2w==}
    dev: false

  /tw-animate-css@1.4.0:
    resolution: {integrity: sha512-7bziOlRqH0hJx80h/3mbicLW7o8qLsH5+RaLR2t+OHM3D0JlWGODQKQ4cxbK7WlvmUxpcj6Kgu6EKqjrGFe3QQ==}
    dev: false

  /use-callback-ref@1.3.3(@types/react@19.2.2)(react@19.2.0):
    resolution: {integrity: sha512-jQL3lRnocaFtu3V00JToYz/4QkNWswxijDaCVNZRiRTO3HQDLsdu1ZtmIUvV4yPp+rvWm5j0y0TG/S61cuijTg==}
    engines: {node: '>=10'}
    peerDependencies:
      '@types/react': '*'
      react: ^16.8.0 || ^17.0.0 || ^18.0.0 || ^19.0.0 || ^19.0.0-rc
    peerDependenciesMeta:
      '@types/react':
        optional: true
    dependencies:
      '@types/react': 19.2.2
      react: 19.2.0
      tslib: 2.8.1
    dev: false

  /use-sidecar@1.1.3(@types/react@19.2.2)(react@19.2.0):
    resolution: {integrity: sha512-Fedw0aZvkhynoPYlA5WXrMCAMm+nSWdZt6lzJQ7Ok8S6Q+VsHmHpRWndVRJ8Be0ZbkfPc5LRYH+5XrzXcEeLRQ==}
    engines: {node: '>=10'}
    peerDependencies:
      '@types/react': '*'
      react: ^16.8.0 || ^17.0.0 || ^18.0.0 || ^19.0.0 || ^19.0.0-rc
    peerDependenciesMeta:
      '@types/react':
        optional: true
    dependencies:
      '@types/react': 19.2.2
      detect-node-es: 1.1.0
      react: 19.2.0
      tslib: 2.8.1
    dev: false

  /use-sync-external-store@1.6.0(react@19.2.0):
    resolution: {integrity: sha512-Pp6GSwGP/NrPIrxVFAIkOQeyw8lFenOHijQWkUTrDvrF4ALqylP2C/KCkeS9dpUM3KvYRQhna5vt7IL95+ZQ9w==}
    peerDependencies:
      react: ^16.8.0 || ^17.0.0 || ^18.0.0 || ^19.0.0
    dependencies:
      react: 19.2.0
    dev: false

  /zod@4.1.12:
    resolution: {integrity: sha512-JInaHOamG8pt5+Ey8kGmdcAcg3OL9reK8ltczgHTAwNhMys/6ThXHityHxVV2p3fkw/c+MAvBHFVYHFZDmjMCQ==}
    dev: false
