lockfileVersion: '6.0'

settings:
  autoInstallPeers: true
  excludeLinksFromLockfile: false

dependencies:
  '@radix-ui/react-slot':
    specifier: ^1.2.3
    version: 1.2.3(@types/react@19.2.2)(react@19.2.0)
  '@tanstack/react-query':
    specifier: ^5.89.0
    version: 5.90.2(react@19.2.0)
  '@tanstack/react-router':
    specifier: ^1.132.31
    version: 1.132.47(react-dom@19.2.0)(react@19.2.0)
  '@tanstack/react-table':
    specifier: ^8.21.3
    version: 8.21.3(react-dom@19.2.0)(react@19.2.0)
  '@tanstack/react-virtual':
    specifier: ^3.13.12
    version: 3.13.12(react-dom@19.2.0)(react@19.2.0)
  class-variance-authority:
    specifier: ^0.7.1
    version: 0.7.1
  clsx:
    specifier: ^2.1.1
    version: 2.1.1
  dayjs:
    specifier: ^1.11.18
    version: 1.11.18
  lucide-react:
    specifier: ^0.548.0
    version: 0.548.0(react@19.2.0)
  next-themes:
    specifier: ^0.4.6
    version: 0.4.6(react-dom@19.2.0)(react@19.2.0)
  react:
    specifier: ^19.1.1
    version: 19.2.0
  react-dom:
    specifier: ^19.1.1
    version: 19.2.0(react@19.2.0)
  sonner:
    specifier: ^2.0.7
    version: 2.0.7(react-dom@19.2.0)(react@19.2.0)
  tailwind-merge:
    specifier: ^3.3.1
    version: 3.3.1
  tw-animate-css:
    specifier: ^1.4.0
    version: 1.4.0

devDependencies:
  '@types/react':
    specifier: ^19.1.13
    version: 19.2.2
  '@types/react-dom':
    specifier: ^19.1.9
    version: 19.2.1(@types/react@19.2.2)

packages:

  /@radix-ui/react-compose-refs@1.1.2(@types/react@19.2.2)(react@19.2.0):
    resolution: {integrity: sha512-z4eqJvfiNnFMHIIvXP3CY57y2WJs5g2v3X0zm9mEJkrkNv4rDxu+sg9Jh8EkXyeqBkB7SOcboo9dMVqhyrACIg==}
    peerDependencies:
      '@types/react': '*'
      react: ^16.8 || ^17.0 || ^18.0 || ^19.0 || ^19.0.0-rc
    peerDependenciesMeta:
      '@types/react':
        optional: true
    dependencies:
      '@types/react': 19.2.2
      react: 19.2.0
    dev: false

  /@radix-ui/react-slot@1.2.3(@types/react@19.2.2)(react@19.2.0):
    resolution: {integrity: sha512-aeNmHnBxbi2St0au6VBVC7JXFlhLlOnvIIlePNniyUNAClzmtAUEY8/pBiK3iHjufOlwA+c20/8jngo7xcrg8A==}
    peerDependencies:
      '@types/react': '*'
      react: ^16.8 || ^17.0 || ^18.0 || ^19.0 || ^19.0.0-rc
    peerDependenciesMeta:
      '@types/react':
        optional: true
    dependencies:
      '@radix-ui/react-compose-refs': 1.1.2(@types/react@19.2.2)(react@19.2.0)
      '@types/react': 19.2.2
      react: 19.2.0
    dev: false

  /@tanstack/history@1.132.31:
    resolution: {integrity: sha512-UCHM2uS0t/uSszqPEo+SBSSoQVeQ+LlOWAVBl5SA7+AedeAbKafIPjFn8huZCXNLAYb0WKV2+wETr7lDK9uz7g==}
    engines: {node: '>=12'}
    dev: false

  /@tanstack/query-core@5.90.2:
    resolution: {integrity: sha512-k/TcR3YalnzibscALLwxeiLUub6jN5EDLwKDiO7q5f4ICEoptJ+n9+7vcEFy5/x/i6Q+Lb/tXrsKCggf5uQJXQ==}
    dev: false

  /@tanstack/react-query@5.90.2(react@19.2.0):
    resolution: {integrity: sha512-CLABiR+h5PYfOWr/z+vWFt5VsOA2ekQeRQBFSKlcoW6Ndx/f8rfyVmq4LbgOM4GG2qtxAxjLYLOpCNTYm4uKzw==}
    peerDependencies:
      react: ^18 || ^19
    dependencies:
      '@tanstack/query-core': 5.90.2
      react: 19.2.0
    dev: false

  /@tanstack/react-router@1.132.47(react-dom@19.2.0)(react@19.2.0):
    resolution: {integrity: sha512-mjCN1ueVLHBOK1gqLeacCrUPBZietMKTkr7xZlC32dCGn4e+83zMSlRTS2TrEl7+wEH+bqjnoyx8ALYTSiQ1Cg==}
    engines: {node: '>=12'}
    peerDependencies:
      react: '>=18.0.0 || >=19.0.0'
      react-dom: '>=18.0.0 || >=19.0.0'
    dependencies:
      '@tanstack/history': 1.132.31
      '@tanstack/react-store': 0.7.7(react-dom@19.2.0)(react@19.2.0)
      '@tanstack/router-core': 1.132.47
      isbot: 5.1.31
      react: 19.2.0
      react-dom: 19.2.0(react@19.2.0)
      tiny-invariant: 1.3.3
      tiny-warning: 1.0.3
    dev: false

  /@tanstack/react-store@0.7.7(react-dom@19.2.0)(react@19.2.0):
    resolution: {integrity: sha512-qqT0ufegFRDGSof9D/VqaZgjNgp4tRPHZIJq2+QIHkMUtHjaJ0lYrrXjeIUJvjnTbgPfSD1XgOMEt0lmANn6Zg==}
    peerDependencies:
      react: ^16.8.0 || ^17.0.0 || ^18.0.0 || ^19.0.0
      react-dom: ^16.8.0 || ^17.0.0 || ^18.0.0 || ^19.0.0
    dependencies:
      '@tanstack/store': 0.7.7
      react: 19.2.0
      react-dom: 19.2.0(react@19.2.0)
      use-sync-external-store: 1.6.0(react@19.2.0)
    dev: false

  /@tanstack/react-table@8.21.3(react-dom@19.2.0)(react@19.2.0):
    resolution: {integrity: sha512-5nNMTSETP4ykGegmVkhjcS8tTLW6Vl4axfEGQN3v0zdHYbK4UfoqfPChclTrJ4EoK9QynqAu9oUf8VEmrpZ5Ww==}
    engines: {node: '>=12'}
    peerDependencies:
      react: '>=16.8'
      react-dom: '>=16.8'
    dependencies:
      '@tanstack/table-core': 8.21.3
      react: 19.2.0
      react-dom: 19.2.0(react@19.2.0)
    dev: false

  /@tanstack/react-virtual@3.13.12(react-dom@19.2.0)(react@19.2.0):
    resolution: {integrity: sha512-Gd13QdxPSukP8ZrkbgS2RwoZseTTbQPLnQEn7HY/rqtM+8Zt95f7xKC7N0EsKs7aoz0WzZ+fditZux+F8EzYxA==}
    peerDependencies:
      react: ^16.8.0 || ^17.0.0 || ^18.0.0 || ^19.0.0
      react-dom: ^16.8.0 || ^17.0.0 || ^18.0.0 || ^19.0.0
    dependencies:
      '@tanstack/virtual-core': 3.13.12
      react: 19.2.0
      react-dom: 19.2.0(react@19.2.0)
    dev: false

  /@tanstack/router-core@1.132.47:
    resolution: {integrity: sha512-8YKFHmG6VUqXaWAJzEqjyW6w31dARS2USd2mtI5ZeZcihqMbskK28N4iotBXNn+sSKJnPRjc7A4jTnnEf8Mn8Q==}
    engines: {node: '>=12'}
    dependencies:
      '@tanstack/history': 1.132.31
      '@tanstack/store': 0.7.7
      cookie-es: 2.0.0
      seroval: 1.3.2
      seroval-plugins: 1.3.3(seroval@1.3.2)
      tiny-invariant: 1.3.3
      tiny-warning: 1.0.3
    dev: false

  /@tanstack/store@0.7.7:
    resolution: {integrity: sha512-xa6pTan1bcaqYDS9BDpSiS63qa6EoDkPN9RsRaxHuDdVDNntzq3xNwR5YKTU/V3SkSyC9T4YVOPh2zRQN0nhIQ==}
    dev: false

  /@tanstack/table-core@8.21.3:
    resolution: {integrity: sha512-ldZXEhOBb8Is7xLs01fR3YEc3DERiz5silj8tnGkFZytt1abEvl/GhUmCE0PMLaMPTa3Jk4HbKmRlHmu+gCftg==}
    engines: {node: '>=12'}
    dev: false

  /@tanstack/virtual-core@3.13.12:
    resolution: {integrity: sha512-1YBOJfRHV4sXUmWsFSf5rQor4Ss82G8dQWLRbnk3GA4jeP8hQt1hxXh0tmflpC0dz3VgEv/1+qwPyLeWkQuPFA==}
    dev: false

  /@types/react-dom@19.2.1(@types/react@19.2.2):
    resolution: {integrity: sha512-/EEvYBdT3BflCWvTMO7YkYBHVE9Ci6XdqZciZANQgKpaiDRGOLIlRo91jbTNRQjgPFWVaRxcYc0luVNFitz57A==}
    peerDependencies:
      '@types/react': ^19.2.0
    dependencies:
      '@types/react': 19.2.2
    dev: true

  /@types/react@19.2.2:
    resolution: {integrity: sha512-6mDvHUFSjyT2B2yeNx2nUgMxh9LtOWvkhIU3uePn2I2oyNymUAX1NIsdgviM4CH+JSrp2D2hsMvJOkxY+0wNRA==}
    dependencies:
      csstype: 3.1.3

  /class-variance-authority@0.7.1:
    resolution: {integrity: sha512-Ka+9Trutv7G8M6WT6SeiRWz792K5qEqIGEGzXKhAE6xOWAY6pPH8U+9IY3oCMv6kqTmLsv7Xh/2w2RigkePMsg==}
    dependencies:
      clsx: 2.1.1
    dev: false

  /clsx@2.1.1:
    resolution: {integrity: sha512-eYm0QWBtUrBWZWG0d386OGAw16Z995PiOVo2B7bjWSbHedGl5e0ZWaq65kOGgUSNesEIDkB9ISbTg/JK9dhCZA==}
    engines: {node: '>=6'}
    dev: false

  /cookie-es@2.0.0:
    resolution: {integrity: sha512-RAj4E421UYRgqokKUmotqAwuplYw15qtdXfY+hGzgCJ/MBjCVZcSoHK/kH9kocfjRjcDME7IiDWR/1WX1TM2Pg==}
    dev: false

  /csstype@3.1.3:
    resolution: {integrity: sha512-M1uQkMl8rQK/szD0LNhtqxIPLpimGm8sOBwU7lLnCpSbTyY3yeU1Vc7l4KT5zT4s/yOxHH5O7tIuuLOCnLADRw==}

  /dayjs@1.11.18:
    resolution: {integrity: sha512-zFBQ7WFRvVRhKcWoUh+ZA1g2HVgUbsZm9sbddh8EC5iv93sui8DVVz1Npvz+r6meo9VKfa8NyLWBsQK1VvIKPA==}
    dev: false

  /isbot@5.1.31:
    resolution: {integrity: sha512-DPgQshehErHAqSCKDb3rNW03pa2wS/v5evvUqtxt6TTnHRqAG8FdzcSSJs9656pK6Y+NT7K9R4acEYXLHYfpUQ==}
    engines: {node: '>=18'}
    dev: false

  /lucide-react@0.548.0(react@19.2.0):
    resolution: {integrity: sha512-63b16z63jM9yc1MwxajHeuu0FRZFsDtljtDjYm26Kd86UQ5HQzu9ksEtoUUw4RBuewodw/tGFmvipePvRsKeDA==}
    peerDependencies:
      react: ^16.5.1 || ^17.0.0 || ^18.0.0 || ^19.0.0
    dependencies:
      react: 19.2.0
    dev: false

  /next-themes@0.4.6(react-dom@19.2.0)(react@19.2.0):
    resolution: {integrity: sha512-pZvgD5L0IEvX5/9GWyHMf3m8BKiVQwsCMHfoFosXtXBMnaS0ZnIJ9ST4b4NqLVKDEm8QBxoNNGNaBv2JNF6XNA==}
    peerDependencies:
      react: ^16.8 || ^17 || ^18 || ^19 || ^19.0.0-rc
      react-dom: ^16.8 || ^17 || ^18 || ^19 || ^19.0.0-rc
    dependencies:
      react: 19.2.0
      react-dom: 19.2.0(react@19.2.0)
    dev: false

  /react-dom@19.2.0(react@19.2.0):
    resolution: {integrity: sha512-UlbRu4cAiGaIewkPyiRGJk0imDN2T3JjieT6spoL2UeSf5od4n5LB/mQ4ejmxhCFT1tYe8IvaFulzynWovsEFQ==}
    peerDependencies:
      react: ^19.2.0
    dependencies:
      react: 19.2.0
      scheduler: 0.27.0
    dev: false

  /react@19.2.0:
    resolution: {integrity: sha512-tmbWg6W31tQLeB5cdIBOicJDJRR2KzXsV7uSK9iNfLWQ5bIZfxuPEHp7M8wiHyHnn0DD1i7w3Zmin0FtkrwoCQ==}
    engines: {node: '>=0.10.0'}
    dev: false

  /scheduler@0.27.0:
    resolution: {integrity: sha512-eNv+WrVbKu1f3vbYJT/xtiF5syA5HPIMtf9IgY/nKg0sWqzAUEvqY/xm7OcZc/qafLx/iO9FgOmeSAp4v5ti/Q==}
    dev: false

  /seroval-plugins@1.3.3(seroval@1.3.2):
    resolution: {integrity: sha512-16OL3NnUBw8JG1jBLUoZJsLnQq0n5Ua6aHalhJK4fMQkz1lqR7Osz1sA30trBtd9VUDc2NgkuRCn8+/pBwqZ+w==}
    engines: {node: '>=10'}
    peerDependencies:
      seroval: ^1.0
    dependencies:
      seroval: 1.3.2
    dev: false

  /seroval@1.3.2:
    resolution: {integrity: sha512-RbcPH1n5cfwKrru7v7+zrZvjLurgHhGyso3HTyGtRivGWgYjbOmGuivCQaORNELjNONoK35nj28EoWul9sb1zQ==}
    engines: {node: '>=10'}
    dev: false

  /sonner@2.0.7(react-dom@19.2.0)(react@19.2.0):
    resolution: {integrity: sha512-W6ZN4p58k8aDKA4XPcx2hpIQXBRAgyiWVkYhT7CvK6D3iAu7xjvVyhQHg2/iaKJZ1XVJ4r7XuwGL+WGEK37i9w==}
    peerDependencies:
      react: ^18.0.0 || ^19.0.0 || ^19.0.0-rc
      react-dom: ^18.0.0 || ^19.0.0 || ^19.0.0-rc
    dependencies:
      react: 19.2.0
      react-dom: 19.2.0(react@19.2.0)
    dev: false

  /tailwind-merge@3.3.1:
    resolution: {integrity: sha512-gBXpgUm/3rp1lMZZrM/w7D8GKqshif0zAymAhbCyIt8KMe+0v9DQ7cdYLR4FHH/cKpdTXb+A/tKKU3eolfsI+g==}
    dev: false

  /tiny-invariant@1.3.3:
    resolution: {integrity: sha512-+FbBPE1o9QAYvviau/qC5SE3caw21q3xkvWKBtja5vgqOWIHHJ3ioaq1VPfn/Szqctz2bU/oYeKd9/z5BL+PVg==}
    dev: false

  /tiny-warning@1.0.3:
    resolution: {integrity: sha512-lBN9zLN/oAf68o3zNXYrdCt1kP8WsiGW8Oo2ka41b2IM5JL/S1CTyX1rW0mb/zSuJun0ZUrDxx4sqvYS2FWzPA==}
    dev: false

  /tw-animate-css@1.4.0:
    resolution: {integrity: sha512-7bziOlRqH0hJx80h/3mbicLW7o8qLsH5+RaLR2t+OHM3D0JlWGODQKQ4cxbK7WlvmUxpcj6Kgu6EKqjrGFe3QQ==}
    dev: false

  /use-sync-external-store@1.6.0(react@19.2.0):
    resolution: {integrity: sha512-Pp6GSwGP/NrPIrxVFAIkOQeyw8lFenOHijQWkUTrDvrF4ALqylP2C/KCkeS9dpUM3KvYRQhna5vt7IL95+ZQ9w==}
    peerDependencies:
      react: ^16.8.0 || ^17.0.0 || ^18.0.0 || ^19.0.0
    dependencies:
      react: 19.2.0
    dev: false
